
Microsoft Visual Studio Solution File, Format Version 12.00
# Visual Studio Version 16
VisualStudioVersion = 16.0.29519.181
MinimumVisualStudioVersion = 10.0.40219.1
Project("{9A19103F-16F7-4668-BE54-9A1E7A4F7556}") = "azure-vmchooser-backend-v3", "azure-vmchooser-backend-v3.csproj", "{46944191-57A2-4227-9369-3110B6DC5882}"
EndProject
Global
	GlobalSection(SolutionConfigurationPlatforms) = preSolution
		Debug|Any CPU = Debug|Any CPU
		Release|Any CPU = Release|Any CPU
	EndGlobalSection
	GlobalSection(ProjectConfigurationPlatforms) = postSolution
		{46944191-57A2-4227-9369-3110B6DC5882}.Debug|Any CPU.ActiveCfg = Debug|Any CPU
		{46944191-57A2-4227-9369-3110B6DC5882}.Debug|Any CPU.Build.0 = Debug|Any CPU
		{46944191-57A2-4227-9369-3110B6DC5882}.Release|Any CPU.ActiveCfg = Release|Any CPU
		{46944191-57A2-4227-9369-3110B6DC5882}.Release|Any CPU.Build.0 = Release|Any CPU
	EndGlobalSection
	GlobalSection(SolutionProperties) = preSolution
		HideSolutionNode = FALSE
	EndGlobalSection
	GlobalSection(ExtensibilityGlobals) = postSolution
		SolutionGuid = {43C106AE-F46A-45E1-BC51-450A2275F0AF}
	EndGlobalSection
EndGlobal
